
Microsoft Visual Studio Solution File, Format Version 12.00
# Visual Studio Version 17
VisualStudioVersion = 17.9.34728.123
MinimumVisualStudioVersion = 10.0.40219.1
Project("{9A19103F-16F7-4668-BE54-9A1E7A4F7556}") = "Core_APITraining", "Core_APITraining\Core_APITraining.csproj", "{D2D6C6F7-A773-4106-821A-1096CCA383A4}"
EndProject
Project("{9A19103F-16F7-4668-BE54-9A1E7A4F7556}") = "CS_AzureTable", "CS_AzureTable\CS_AzureTable.csproj", "{62B2E12B-9DF2-411A-A39B-C123054EBC02}"
EndProject
Project("{FAE04EC0-301F-11D3-BF4B-00C04F79EFBC}") = "CS_BLOBStorage", "CS_BLOBStorage\CS_BLOBStorage.csproj", "{CE931458-7CBE-4E99-9539-045DC4509B90}"
EndProject
Global
	GlobalSection(SolutionConfigurationPlatforms) = preSolution
		Debug|Any CPU = Debug|Any CPU
		Release|Any CPU = Release|Any CPU
	EndGlobalSection
	GlobalSection(ProjectConfigurationPlatforms) = postSolution
		{D2D6C6F7-A773-4106-821A-1096CCA383A4}.Debug|Any CPU.ActiveCfg = Debug|Any CPU
		{D2D6C6F7-A773-4106-821A-1096CCA383A4}.Debug|Any CPU.Build.0 = Debug|Any CPU
		{D2D6C6F7-A773-4106-821A-1096CCA383A4}.Release|Any CPU.ActiveCfg = Release|Any CPU
		{D2D6C6F7-A773-4106-821A-1096CCA383A4}.Release|Any CPU.Build.0 = Release|Any CPU
		{62B2E12B-9DF2-411A-A39B-C123054EBC02}.Debug|Any CPU.ActiveCfg = Debug|Any CPU
		{62B2E12B-9DF2-411A-A39B-C123054EBC02}.Debug|Any CPU.Build.0 = Debug|Any CPU
		{62B2E12B-9DF2-411A-A39B-C123054EBC02}.Release|Any CPU.ActiveCfg = Release|Any CPU
		{62B2E12B-9DF2-411A-A39B-C123054EBC02}.Release|Any CPU.Build.0 = Release|Any CPU
		{CE931458-7CBE-4E99-9539-045DC4509B90}.Debug|Any CPU.ActiveCfg = Debug|Any CPU
		{CE931458-7CBE-4E99-9539-045DC4509B90}.Debug|Any CPU.Build.0 = Debug|Any CPU
		{CE931458-7CBE-4E99-9539-045DC4509B90}.Release|Any CPU.ActiveCfg = Release|Any CPU
		{CE931458-7CBE-4E99-9539-045DC4509B90}.Release|Any CPU.Build.0 = Release|Any CPU
	EndGlobalSection
	GlobalSection(SolutionProperties) = preSolution
		HideSolutionNode = FALSE
	EndGlobalSection
	GlobalSection(ExtensibilityGlobals) = postSolution
		SolutionGuid = {541302E7-740D-4CE8-983E-DF792AAB4EF6}
	EndGlobalSection
EndGlobal
